# THIS IS AN AUTOGENERATED FILE. DO NOT EDIT THIS FILE DIRECTLY.
# yarn lockfile v1


"@lukeed/csprng@^1.0.0":
  "integrity" "sha512-ruuGHsnabmObBdeMg3vKdGRmh06Oog3eFpf/Tk6X0kDSJDpJTDCj2dqdp1+0VjzIUgHlFF9GBm7uFqfYhhdX9g=="
  "resolved" "https://registry.npmjs.org/@lukeed/csprng/-/csprng-1.0.0.tgz"
  "version" "1.0.0"

"uid@^2.0.0":
  "integrity" "sha512-hFw+zKBA1szYdbZWj6FjTxZzJnKNf+wTDcsxlJaXS64MCy9LQEmJUVieGYHCKek/WRyFIcs0cEXtGIQmfvHe2A=="
  "resolved" "https://registry.npmjs.org/uid/-/uid-2.0.0.tgz"
  "version" "2.0.0"
  dependencies:
    "@lukeed/csprng" "^1.0.0"
