# THIS IS AN AUTOGENERATED FILE. DO NOT EDIT THIS FILE DIRECTLY.
# yarn lockfile v1


"@ant-design/colors@^6.0.0":
  version "6.0.0"
  resolved "https://nexus.chaincity.net:8008/repository/npm-group/@ant-design/colors/-/colors-6.0.0.tgz#9b9366257cffcc47db42b9d0203bb592c13c0298"
  integrity sha1-m5NmJXz/zEfbQrnQIDu1ksE8Apg=
  dependencies:
    "@ctrl/tinycolor" "^3.4.0"

"@ant-design/icons-svg@^4.2.1":
  version "4.2.1"
  resolved "https://nexus.chaincity.net:8008/repository/npm-group/@ant-design/icons-svg/-/icons-svg-4.2.1.tgz#8630da8eb4471a4aabdaed7d1ff6a97dcb2cf05a"
  integrity sha1-hjDajrRHGkqr2u19H/apfcss8Fo=

"@ant-design/icons@^4.1.0", "@ant-design/icons@^4.2.1", "@ant-design/icons@^4.3.0":
  version "4.7.0"
  resolved "https://nexus.chaincity.net:8008/repository/npm-group/@ant-design/icons/-/icons-4.7.0.tgz#8c3cbe0a556ba92af5dc7d1e70c0b25b5179af0f"
  integrity sha1-jDy+ClVrqSr13H0ecMCyW1F5rw8=
  dependencies:
    "@ant-design/colors" "^6.0.0"
    "@ant-design/icons-svg" "^4.2.1"
    "@babel/runtime" "^7.11.2"
    classnames "^2.2.6"
    rc-util "^5.9.4"

"@ant-design/pro-field@1.26.3":
  version "1.26.3"
  resolved "https://nexus.chaincity.net:8008/repository/npm-group/@ant-design/pro-field/-/pro-field-1.26.3.tgz#908e85a469dc5f7b3bc7d6088c576b28f2370448"
  integrity sha1-kI6FpGncX3s7x9YIjFdrKPI3BEg=
  dependencies:
    "@ant-design/icons" "^4.2.1"
    "@ant-design/pro-provider" "1.4.20"
    "@ant-design/pro-utils" "1.28.3"
    classnames "^2.2.6"
    lodash.tonumber "^4.0.3"
    moment "^2.27.0"
    omit.js "^2.0.2"
    rc-util "^5.4.0"
    react-color "2.19.3"
    swr "1.1.0-beta.6"

"@ant-design/pro-form@1.49.1":
  version "1.49.1"
  resolved "https://nexus.chaincity.net:8008/repository/npm-group/@ant-design/pro-form/-/pro-form-1.49.1.tgz#c4f8ae31e4f0faf11fa3d421baba1b951ba54e1f"
  integrity sha1-xPiuMeTw+vEfo9QhuroblRulTh8=
  dependencies:
    "@ant-design/icons" "^4.2.1"
    "@ant-design/pro-field" "1.26.3"
    "@ant-design/pro-provider" "1.4.20"
    "@ant-design/pro-utils" "1.28.3"
    "@umijs/use-params" "^1.0.2"
    classnames "^2.2.6"
    omit.js "^2.0.2"
    rc-resize-observer "^0.2.3"
    rc-util "^5.0.6"
    use-media-antd-query "^1.0.6"

"@ant-design/pro-provider@1.4.20":
  version "1.4.20"
  resolved "https://nexus.chaincity.net:8008/repository/npm-group/@ant-design/pro-provider/-/pro-provider-1.4.20.tgz#acba4b8657cd85e3bffdceb90675445a6eb8ed60"
  integrity sha1-rLpLhlfNheO//c65BnVEWm647WA=
  dependencies:
    rc-util "^5.0.1"

"@ant-design/pro-table@^2.57.3":
  version "2.57.3"
  resolved "https://nexus.chaincity.net:8008/repository/npm-group/@ant-design/pro-table/-/pro-table-2.57.3.tgz#4026bb0dbb18181dadfc71cf6ab4404778a47986"
  integrity sha1-QCa7DbsYGB2t/HHParRAR3ikeYY=
  dependencies:
    "@ant-design/icons" "^4.1.0"
    "@ant-design/pro-field" "1.26.3"
    "@ant-design/pro-form" "1.49.1"
    "@ant-design/pro-provider" "1.4.20"
    "@ant-design/pro-utils" "1.28.3"
    classnames "^2.2.6"
    moment "^2.24.0"
    omit.js "^2.0.2"
    rc-util "^5.0.1"
    react-sortable-hoc "^2.0.0"
    unstated-next "^1.1.0"
    use-json-comparison "^1.0.5"
    use-media-antd-query "^1.1.0"

"@ant-design/pro-utils@1.28.3":
  version "1.28.3"
  resolved "https://nexus.chaincity.net:8008/repository/npm-group/@ant-design/pro-utils/-/pro-utils-1.28.3.tgz#2958ac7fe453a00f22dee3bc2f14c98401e9c52f"
  integrity sha1-KVisf+RToA8i3uO8LxTJhAHpxS8=
  dependencies:
    "@ant-design/icons" "^4.3.0"
    "@ant-design/pro-provider" "1.4.20"
    classnames "^2.2.6"
    moment "^2.27.0"
    rc-util "^5.0.6"
    react-sortable-hoc "^2.0.0"
    swr "1.1.0-beta.6"

"@babel/runtime@^7.10.1", "@babel/runtime@^7.11.2", "@babel/runtime@^7.12.5", "@babel/runtime@^7.2.0":
  version "7.16.3"
  resolved "https://nexus.chaincity.net:8008/repository/npm-group/@babel/runtime/-/runtime-7.16.3.tgz#b86f0db02a04187a3c17caa77de69840165d42d5"
  integrity sha1-uG8NsCoEGHo8F8qnfeaYQBZdQtU=
  dependencies:
    regenerator-runtime "^0.13.4"

"@ctrl/tinycolor@^3.4.0":
  version "3.4.0"
  resolved "https://nexus.chaincity.net:8008/repository/npm-group/@ctrl/tinycolor/-/tinycolor-3.4.0.tgz#c3c5ae543c897caa9c2a68630bed355be5f9990f"
  integrity sha1-w8WuVDyJfKqcKmhjC+01W+X5mQ8=

"@icons/material@^0.2.4":
  version "0.2.4"
  resolved "https://nexus.chaincity.net:8008/repository/npm-group/@icons/material/-/material-0.2.4.tgz#e90c9f71768b3736e76d7dd6783fc6c2afa88bc8"
  integrity sha1-6QyfcXaLNzbnbX3WeD/Gwq+oi8g=

"@lukeed/csprng@^1.0.0":
  version "1.0.0"
  resolved "https://nexus.chaincity.net:8008/repository/npm-group/@lukeed/csprng/-/csprng-1.0.0.tgz"
  integrity "sha1-czoSI4J0nSfi5G7Dj4xxydU6ljY= sha512-ruuGHsnabmObBdeMg3vKdGRmh06Oog3eFpf/Tk6X0kDSJDpJTDCj2dqdp1+0VjzIUgHlFF9GBm7uFqfYhhdX9g=="

"@umijs/use-params@^1.0.2":
  version "1.0.7"
  resolved "https://nexus.chaincity.net:8008/repository/npm-group/@umijs/use-params/-/use-params-1.0.7.tgz#a8636906fb1a9df0ab3d71414af87bf0370b5f61"
  integrity sha1-qGNpBvsanfCrPXFBSvh78DcLX2E=

call-bind@^1.0.0:
  version "1.0.2"
  resolved "https://nexus.chaincity.net:8008/repository/npm-group/call-bind/-/call-bind-1.0.2.tgz"
  integrity "sha1-sdTonmiBGcPJqQOtMKuy9qkZvjw= sha512-7O+FbCihrB5WGbFYesctwmTKae6rOiIzmz1icreWJ+0aA7LJfuqhEso2T9ncpcFtzMQtzXf2QGGueWJGTYsqrA=="
  dependencies:
    function-bind "^1.1.1"
    get-intrinsic "^1.0.2"

classnames@^2.2.1, classnames@^2.2.6:
  version "2.3.1"
  resolved "https://nexus.chaincity.net:8008/repository/npm-group/classnames/-/classnames-2.3.1.tgz#dfcfa3891e306ec1dad105d0e88f4417b8535e8e"
  integrity sha1-38+jiR4wbsHa0QXQ6I9EF7hTXo4=

encoding@^0.1.11:
  version "0.1.13"
  resolved "https://nexus.chaincity.net:8008/repository/npm-group/encoding/-/encoding-0.1.13.tgz"
  integrity "sha1-VldK/deR9UqOmyeFwFgqLSYhD6k= sha512-ETBauow1T35Y/WZMkio9jiM0Z5xjHHmJ4XmjZOq1l/dXz3lr2sRn87nJy20RupqSh1F2m3HHPSp8ShIPQJrJ3A=="
  dependencies:
    iconv-lite "^0.6.2"

function-bind@^1.1.1:
  version "1.1.1"
  resolved "https://nexus.chaincity.net:8008/repository/npm-group/function-bind/-/function-bind-1.1.1.tgz"
  integrity "sha1-pWiZ0+o8m6uHS7l3O3xe3pL0iV0= sha512-yIovAzMX49sF8Yl58fSCWJ5svSLuaibPxXQJFLmBObTuCr0Mf1KiPopGM9NiFjiYBCbfaa2Fh6breQ6ANVTI0A=="

get-intrinsic@^1.0.2:
  version "1.1.1"
  resolved "https://nexus.chaincity.net:8008/repository/npm-group/get-intrinsic/-/get-intrinsic-1.1.1.tgz"
  integrity "sha1-FfWfN2+FXERpY5SPDSTNNje0q8Y= sha512-kWZrnVM42QCiEA2Ig1bG8zjoIMOgxWwYCEeNdwY6Tv/cOSeGpcoX4pXHfKUxNKVoArnrEr2e9srnAxxGIraS9Q=="
  dependencies:
    function-bind "^1.1.1"
    has "^1.0.3"
    has-symbols "^1.0.1"

has-symbols@^1.0.1:
  version "1.0.2"
  resolved "https://nexus.chaincity.net:8008/repository/npm-group/has-symbols/-/has-symbols-1.0.2.tgz"
  integrity "sha1-Fl0wcMADCXUqEjakeTMeOsVvFCM= sha512-chXa79rL/UC2KlX17jo3vRGz0azaWEx5tGqZg5pO3NUyEJVB17dMruQlzCCOfUvElghKcm5194+BCRvi2Rv/Gw=="

has@^1.0.3:
  version "1.0.3"
  resolved "https://nexus.chaincity.net:8008/repository/npm-group/has/-/has-1.0.3.tgz"
  integrity "sha1-ci18v8H2qoJB8W3YFOAR4fQeh5Y= sha512-f2dvO0VU6Oej7RkWJGrehjbzMAjFp5/VKPp5tTpWIV4JHHZK1/BxbFRtf/siA2SWTe09caDmVtYYzWEIbBS4zw=="
  dependencies:
    function-bind "^1.1.1"

iconv-lite@^0.6.2:
  version "0.6.3"
  resolved "https://nexus.chaincity.net:8008/repository/npm-group/iconv-lite/-/iconv-lite-0.6.3.tgz"
  integrity "sha1-pS+AvzjaGVLrXGgXkHGYcaGnJQE= sha512-4fCk79wshMdzMp2rH06qWrJE4iolqLhCUH+OiuIgU++RB0+94NlDL81atO7GX55uUKueo0txHNtvEyI6D7WdMw=="
  dependencies:
    safer-buffer ">= 2.1.2 < 3.0.0"

invariant@^2.2.4:
  version "2.2.4"
  resolved "https://nexus.chaincity.net:8008/repository/npm-group/invariant/-/invariant-2.2.4.tgz#610f3c92c9359ce1db616e538008d23ff35158e6"
  integrity sha1-YQ88ksk1nOHbYW5TgAjSP/NRWOY=
  dependencies:
    loose-envify "^1.0.0"

is-stream@^1.0.1:
  version "1.1.0"
  resolved "https://nexus.chaincity.net:8008/repository/npm-group/is-stream/-/is-stream-1.1.0.tgz"
  integrity sha1-EtSj3U5o4Lec6428hBc66A2RykQ=

isomorphic-fetch@^2.2.1:
  version "2.2.1"
  resolved "https://nexus.chaincity.net:8008/repository/npm-group/isomorphic-fetch/-/isomorphic-fetch-2.2.1.tgz"
  integrity sha1-YRrhrPFPXoH3KVB0coGf6XM1WKk=
  dependencies:
    node-fetch "^1.0.1"
    whatwg-fetch ">=0.10.0"

"js-tokens@^3.0.0 || ^4.0.0":
  version "4.0.0"
  resolved "https://nexus.chaincity.net:8008/repository/npm-group/js-tokens/-/js-tokens-4.0.0.tgz#19203fb59991df98e3a287050d4647cdeaf32499"
  integrity sha1-GSA/tZmR35jjoocFDUZHzerzJJk=

lodash-es@^4.17.15:
  version "4.17.21"
  resolved "https://nexus.chaincity.net:8008/repository/npm-group/lodash-es/-/lodash-es-4.17.21.tgz#43e626c46e6591b7750beb2b50117390c609e3ee"
  integrity sha1-Q+YmxG5lkbd1C+srUBFzkMYJ4+4=

lodash.tonumber@^4.0.3:
  version "4.0.3"
  resolved "https://nexus.chaincity.net:8008/repository/npm-group/lodash.tonumber/-/lodash.tonumber-4.0.3.tgz#0b96b31b35672793eb7f5a63ee791f1b9e9025d9"
  integrity sha1-C5azGzVnJ5Prf1pj7nkfG56QJdk=

lodash@^4.0.1, lodash@^4.17.15:
  version "4.17.21"
  resolved "https://nexus.chaincity.net:8008/repository/npm-group/lodash/-/lodash-4.17.21.tgz#679591c564c3bffaae8454cf0b3df370c3d6911c"
  integrity sha1-Z5WRxWTDv/quhFTPCz3zcMPWkRw=

loose-envify@^1.0.0, loose-envify@^1.4.0:
  version "1.4.0"
  resolved "https://nexus.chaincity.net:8008/repository/npm-group/loose-envify/-/loose-envify-1.4.0.tgz#71ee51fa7be4caec1a63839f7e682d8132d30caf"
  integrity sha1-ce5R+nvkyuwaY4OffmgtgTLTDK8=
  dependencies:
    js-tokens "^3.0.0 || ^4.0.0"

material-colors@^1.2.1:
  version "1.2.6"
  resolved "https://nexus.chaincity.net:8008/repository/npm-group/material-colors/-/material-colors-1.2.6.tgz#6d1958871126992ceecc72f4bcc4d8f010865f46"
  integrity sha1-bRlYhxEmmSzuzHL0vMTY8BCGX0Y=

moment@^2.24.0, moment@^2.27.0:
  version "2.29.1"
  resolved "https://nexus.chaincity.net:8008/repository/npm-group/moment/-/moment-2.29.1.tgz#b2be769fa31940be9eeea6469c075e35006fa3d3"
  integrity sha1-sr52n6MZQL6e7qZGnAdeNQBvo9M=

node-fetch@^1.0.1:
  version "1.7.3"
  resolved "https://nexus.chaincity.net:8008/repository/npm-group/node-fetch/-/node-fetch-1.7.3.tgz"
  integrity "sha1-mA9vcthSEaU0fGsrwYxbhMPrR+8= sha512-NhZ4CsKx7cYm2vSrBAr2PvFOe6sWDf0UYLRqA6svUYg7+/TSfVAu49jYC4BvQ4Sms9SZgdqGBgroqfDhJdTyKQ=="
  dependencies:
    encoding "^0.1.11"
    is-stream "^1.0.1"

object-assign@^4.1.1:
  version "4.1.1"
  resolved "https://nexus.chaincity.net:8008/repository/npm-group/object-assign/-/object-assign-4.1.1.tgz#2109adc7965887cfc05cbbd442cac8bfbb360863"
  integrity sha1-IQmtx5ZYh8/AXLvUQsrIv7s2CGM=

object-inspect@^1.9.0:
  version "1.11.0"
  resolved "https://nexus.chaincity.net:8008/repository/npm-group/object-inspect/-/object-inspect-1.11.0.tgz"
  integrity "sha1-nc6xRs7dQUig2eUauI00z1CZIrE= sha512-jp7ikS6Sd3GxQfZJPyH3cjcbJF6GZPClgdV+EFygjFLQ5FmW/dRUnTd9PQ9k0JhoNDabWFbpF1yCdSWCC6gexg=="

omit.js@^2.0.2:
  version "2.0.2"
  resolved "https://nexus.chaincity.net:8008/repository/npm-group/omit.js/-/omit.js-2.0.2.tgz#dd9b8436fab947a5f3ff214cb2538631e313ec2f"
  integrity sha1-3ZuENvq5R6Xz/yFMslOGMeMT7C8=

prop-types@^15.5.10, prop-types@^15.5.7:
  version "15.7.2"
  resolved "https://nexus.chaincity.net:8008/repository/npm-group/prop-types/-/prop-types-15.7.2.tgz#52c41e75b8c87e72b9d9360e0206b99dcbffa6c5"
  integrity sha1-UsQedbjIfnK52TYOAga5ncv/psU=
  dependencies:
    loose-envify "^1.4.0"
    object-assign "^4.1.1"
    react-is "^16.8.1"

qs@^6.9.1:
  version "6.10.1"
  resolved "https://nexus.chaincity.net:8008/repository/npm-group/qs/-/qs-6.10.1.tgz"
  integrity "sha1-STFIL6jWR6Wqt5nFJx0hM7mB+2o= sha512-M528Hph6wsSVOBiYUnGf+K/7w0hNshs/duGsNXPUCLH5XAqjEtiPGwNONLV0tBH8NoGb0mvD5JubnUTrujKDTg=="
  dependencies:
    side-channel "^1.0.4"

rc-resize-observer@^0.2.3:
  version "0.2.6"
  resolved "https://nexus.chaincity.net:8008/repository/npm-group/rc-resize-observer/-/rc-resize-observer-0.2.6.tgz#c1b642f6d1293e34c4e3715f47f69443a167b825"
  integrity sha1-wbZC9tEpPjTE43FfR/aUQ6FnuCU=
  dependencies:
    "@babel/runtime" "^7.10.1"
    classnames "^2.2.1"
    rc-util "^5.0.0"
    resize-observer-polyfill "^1.5.1"

rc-util@^5.0.0, rc-util@^5.0.1, rc-util@^5.0.6, rc-util@^5.4.0, rc-util@^5.9.4:
  version "5.15.0"
  resolved "https://nexus.chaincity.net:8008/repository/npm-group/rc-util/-/rc-util-5.15.0.tgz#3527bd6c5806cf04476e17a0c7bf094fc8ea4666"
  integrity sha1-NSe9bFgGzwRHbhegx78JT8jqRmY=
  dependencies:
    "@babel/runtime" "^7.12.5"
    react-is "^16.12.0"
    shallowequal "^1.1.0"

react-color@2.19.3:
  version "2.19.3"
  resolved "https://nexus.chaincity.net:8008/repository/npm-group/react-color/-/react-color-2.19.3.tgz#ec6c6b4568312a3c6a18420ab0472e146aa5683d"
  integrity sha1-7GxrRWgxKjxqGEIKsEcuFGqlaD0=
  dependencies:
    "@icons/material" "^0.2.4"
    lodash "^4.17.15"
    lodash-es "^4.17.15"
    material-colors "^1.2.1"
    prop-types "^15.5.10"
    reactcss "^1.2.0"
    tinycolor2 "^1.4.1"

react-is@^16.12.0, react-is@^16.8.1:
  version "16.13.1"
  resolved "https://nexus.chaincity.net:8008/repository/npm-group/react-is/-/react-is-16.13.1.tgz#789729a4dc36de2999dc156dd6c1d9c18cea56a4"
  integrity sha1-eJcppNw23imZ3BVt1sHZwYzqVqQ=

react-sortable-hoc@^2.0.0:
  version "2.0.0"
  resolved "https://nexus.chaincity.net:8008/repository/npm-group/react-sortable-hoc/-/react-sortable-hoc-2.0.0.tgz#f6780d8aa4b922a21f3e754af542f032677078b7"
  integrity sha1-9ngNiqS5IqIfPnVK9ULwMmdweLc=
  dependencies:
    "@babel/runtime" "^7.2.0"
    invariant "^2.2.4"
    prop-types "^15.5.7"

reactcss@^1.2.0:
  version "1.2.3"
  resolved "https://nexus.chaincity.net:8008/repository/npm-group/reactcss/-/reactcss-1.2.3.tgz#c00013875e557b1cf0dfd9a368a1c3dab3b548dd"
  integrity sha1-wAATh15Vexzw39mjaKHD2rO1SN0=
  dependencies:
    lodash "^4.0.1"

regenerator-runtime@^0.13.4:
  version "0.13.9"
  resolved "https://nexus.chaincity.net:8008/repository/npm-group/regenerator-runtime/-/regenerator-runtime-0.13.9.tgz#8925742a98ffd90814988d7566ad30ca3b263b52"
  integrity sha1-iSV0Kpj/2QgUmI11Zq0wyjsmO1I=

resize-observer-polyfill@^1.5.1:
  version "1.5.1"
  resolved "https://nexus.chaincity.net:8008/repository/npm-group/resize-observer-polyfill/-/resize-observer-polyfill-1.5.1.tgz#0e9020dd3d21024458d4ebd27e23e40269810464"
  integrity sha1-DpAg3T0hAkRY1OvSfiPkAmmBBGQ=

"safer-buffer@>= 2.1.2 < 3.0.0":
  version "2.1.2"
  resolved "https://nexus.chaincity.net:8008/repository/npm-group/safer-buffer/-/safer-buffer-2.1.2.tgz"
  integrity "sha1-RPoWGwGHuVSd2Eu5GAL5vYOFzWo= sha512-YZo3K82SD7Riyi0E1EQPojLz7kpepnSQI9IyPbHHg1XXXevb5dJI7tpyN2ADxGcQbHG7vcyRHk0cbwqcQriUtg=="

shallowequal@^1.1.0:
  version "1.1.0"
  resolved "https://nexus.chaincity.net:8008/repository/npm-group/shallowequal/-/shallowequal-1.1.0.tgz#188d521de95b9087404fd4dcb68b13df0ae4e7f8"
  integrity sha1-GI1SHelbkIdAT9TctosT3wrk5/g=

side-channel@^1.0.4:
  version "1.0.4"
  resolved "https://nexus.chaincity.net:8008/repository/npm-group/side-channel/-/side-channel-1.0.4.tgz"
  integrity "sha1-785cj9wQTudRslxY1CkAEfpeos8= sha512-q5XPytqFEIKHkGdiMIrY10mvLRvnQh42/+GoBlFW3b2LXLE2xxJpZFdm94we0BaoV3RwJyGqg5wS7epxTv0Zvw=="
  dependencies:
    call-bind "^1.0.0"
    get-intrinsic "^1.0.2"
    object-inspect "^1.9.0"

store@^2.0.12:
  version "2.0.12"
  resolved "https://nexus.chaincity.net:8008/repository/npm-group/store/-/store-2.0.12.tgz"
  integrity sha1-jFNOKguDH3K3X8XxEZhXxE711ZM=

swr@1.1.0-beta.6:
  version "1.1.0-beta.6"
  resolved "https://nexus.chaincity.net:8008/repository/npm-group/swr/-/swr-1.1.0-beta.6.tgz#7766c4cf32972b1ad7408ac691926a7595a18fbc"
  integrity sha1-d2bEzzKXKxrXQIrGkZJqdZWhj7w=

tinycolor2@^1.4.1:
  version "1.4.2"
  resolved "https://nexus.chaincity.net:8008/repository/npm-group/tinycolor2/-/tinycolor2-1.4.2.tgz#3f6a4d1071ad07676d7fa472e1fac40a719d8803"
  integrity sha1-P2pNEHGtB2dtf6Ry4frECnGdiAM=

uid@^2.0.0:
  version "2.0.0"
  resolved "https://nexus.chaincity.net:8008/repository/npm-group/uid/-/uid-2.0.0.tgz"
  integrity "sha1-F3O+wQbpaVXxZY8gJy4szqQU6Lw= sha512-hFw+zKBA1szYdbZWj6FjTxZzJnKNf+wTDcsxlJaXS64MCy9LQEmJUVieGYHCKek/WRyFIcs0cEXtGIQmfvHe2A=="
  dependencies:
    "@lukeed/csprng" "^1.0.0"

umi-request@^1.4.0:
  version "1.4.0"
  resolved "https://nexus.chaincity.net:8008/repository/npm-group/umi-request/-/umi-request-1.4.0.tgz"
  integrity "sha1-7Q5U5H8EPSvgbmkUd/CJA4P53Yo= sha512-OknwtQZddZHi0Ggi+Vr/olJ7HNMx4AzlywyK0W3NZBT7B0stjeZ9lcztA85dBgdAj3KVk8uPJPZSnGaDjELhrA=="
  dependencies:
    isomorphic-fetch "^2.2.1"
    qs "^6.9.1"

unstated-next@^1.1.0:
  version "1.1.0"
  resolved "https://nexus.chaincity.net:8008/repository/npm-group/unstated-next/-/unstated-next-1.1.0.tgz#7bb4911a12fdf3cc8ad3eb11a0b315e4a8685ea8"
  integrity sha1-e7SRGhL988yK0+sRoLMV5KhoXqg=

use-json-comparison@^1.0.5:
  version "1.0.6"
  resolved "https://nexus.chaincity.net:8008/repository/npm-group/use-json-comparison/-/use-json-comparison-1.0.6.tgz#a012bbc258ce745db1f56745dc653f575226cb21"
  integrity sha1-oBK7wljOdF2x9WdF3GU/V1ImyyE=

use-media-antd-query@^1.0.6, use-media-antd-query@^1.1.0:
  version "1.1.0"
  resolved "https://nexus.chaincity.net:8008/repository/npm-group/use-media-antd-query/-/use-media-antd-query-1.1.0.tgz#f083ad7e292c1c0261b6bbfaac0edc3e0920d85d"
  integrity sha1-8IOtfiksHAJhtrv6rA7cPgkg2F0=

whatwg-fetch@>=0.10.0:
  version "3.6.2"
  resolved "https://nexus.chaincity.net:8008/repository/npm-group/whatwg-fetch/-/whatwg-fetch-3.6.2.tgz"
  integrity "sha1-3O0k838mJO0CgXJdUdDi4/5nf4w= sha512-bJlen0FcuU/0EMLrdbJ7zOnW6ITZLrZMIarMUVmdKtsGvZna8vxKYaexICWPfZ8qwf9fzNq+UEIZrnSaApt6RA=="
